{
  "name": "fdk-community-service",
  "lockfileVersion": 2,
  "requires": true,
  "packages": {
    "nodebb-plugin-fdk-sso": {
      "version": "0.0.1",
      "extraneous": true,
      "license": "MIT",
      "dependencies": {
        "keycloak-connect": "^18.0.0",
        "uuid": "^8.3.2"
      }
    }
  }
}
